{
  "nodes": {
    "elisp-helpers": {
      "inputs": {
        "fromElisp": "fromElisp"
      },
      "locked": {
        "lastModified": 1763784882,
        "narHash": "sha256-ZaGDaT7hKNFh/RwT0YZqWL9AzFjRgpUPGGYbVVHJ4PM=",
        "owner": "emacs-twist",
        "repo": "elisp-helpers",
        "rev": "6126c7bb179b13442c86e6f5ee9ff7b0c4837e53",
        "type": "github"
      },
      "original": {
        "owner": "emacs-twist",
        "repo": "elisp-helpers",
        "type": "github"
      }
    },
    "epkgs": {
      "flake": false,
      "locked": {
        "lastModified": 1784329706,
        "narHash": "sha256-iVAuMjAnB7H2pJ0meGf87Nu9rNTw4L3KKl3b0+7goAA=",
        "owner": "emacsmirror",
        "repo": "epkgs",
        "rev": "4eb14a950ca2ce0910201abb01c7f2c819a24563",
        "type": "github"
      },
      "original": {
        "owner": "emacsmirror",
        "repo": "epkgs",
        "type": "github"
      }
    },
    "flake-utils": {
      "inputs": {
        "systems": "systems"
      },
      "locked": {
        "lastModified": 1731533236,
        "narHash": "sha256-l0KFg5HjrsfsO/JpG+r7fRrqm12kzFHyUHqHCVpMMbI=",
        "owner": "numtide",
        "repo": "flake-utils",
        "rev": "11707dc2f618dd54ca8739b309ec4fc024de578b",
        "type": "github"
      },
      "original": {
        "owner": "numtide",
        "repo": "flake-utils",
        "type": "github"
      }
    },
    "fromElisp": {
      "flake": false,
      "locked": {
        "lastModified": 1723987997,
        "narHash": "sha256-OhaVgTG6zjLByzl+uPTvtCld3p2uqgbCXmOl/s3LVRo=",
        "owner": "talyz",
        "repo": "fromElisp",
        "rev": "f071a0e262c02c0895b575c4e322b7fd90713543",
        "type": "github"
      },
      "original": {
        "owner": "talyz",
        "repo": "fromElisp",
        "type": "github"
      }
    },
    "gnu-elpa": {
      "flake": false,
      "locked": {
        "lastModified": 1784378155,
        "narHash": "sha256-wAYisTSWlLcobVM070j4SZYILi2wICkMsSKLags2LWs=",
        "owner": "elpa-mirrors",
        "repo": "elpa",
        "rev": "f4a727bb98979c449729532a4f8375d348276eb3",
        "type": "github"
      },
      "original": {
        "owner": "elpa-mirrors",
        "repo": "elpa",
        "type": "github"
      }
    },
    "melpa": {
      "flake": false,
      "locked": {
        "lastModified": 1784491272,
        "narHash": "sha256-SRqft55wE/0EFdOrWdFCX/qVP1rwde8WwFQjFfHY+JM=",
        "owner": "melpa",
        "repo": "melpa",
        "rev": "6a860645041c1ca63437f4ce06ad73bfdd3ff356",
        "type": "github"
      },
      "original": {
        "owner": "melpa",
        "repo": "melpa",
        "type": "github"
      }
    },
    "nix-filter": {
      "locked": {
        "lastModified": 1757882181,
        "narHash": "sha256-+cCxYIh2UNalTz364p+QYmWHs0P+6wDhiWR4jDIKQIU=",
        "owner": "numtide",
        "repo": "nix-filter",
        "rev": "59c44d1909c72441144b93cf0f054be7fe764de5",
        "type": "github"
      },
      "original": {
        "owner": "numtide",
        "repo": "nix-filter",
        "type": "github"
      }
    },
    "nixpkgs": {
      "locked": {
        "lastModified": 1783915482,
        "narHash": "sha256-w9ktuEgDIWGsX58tR3nI5HBGNy1idO8KY4urO3msko0=",
        "rev": "6cdc7fc76e8bf7fde9fa43a849fcaaa70e230dee",
        "type": "tarball",
        "url": "https://releases.nixos.org/nixpkgs/nixpkgs-26.11pre1033616.6cdc7fc76e8b/nixexprs.tar.xz"
      },
      "original": {
        "id": "nixpkgs",
        "type": "indirect"
      }
    },
    "nongnu-elpa": {
      "flake": false,
      "locked": {
        "lastModified": 1784378203,
        "narHash": "sha256-2LHRz//PTwY5kRvdiSNvWhJueG4T4B4zMdgat5DUoBs=",
        "owner": "elpa-mirrors",
        "repo": "nongnu",
        "rev": "c60c2d7ae50999938338f30a544b412b2153e861",
        "type": "github"
      },
      "original": {
        "owner": "elpa-mirrors",
        "repo": "nongnu",
        "type": "github"
      }
    },
    "org-babel": {
      "locked": {
        "lastModified": 1781366822,
        "narHash": "sha256-Dd4eO2Vyp4x83yVKceuuIdM90WOKurNkVecldyTEMGw=",
        "owner": "fenril058",
        "repo": "org-babel",
        "rev": "823c8054f07f0ba3ad6948d9e14b5dea8746845d",
        "type": "github"
      },
      "original": {
        "owner": "fenril058",
        "ref": "local",
        "repo": "org-babel",
        "type": "github"
      }
    },
    "root": {
      "inputs": {
        "epkgs": "epkgs",
        "flake-utils": "flake-utils",
        "gnu-elpa": "gnu-elpa",
        "melpa": "melpa",
        "nix-filter": "nix-filter",
        "nixpkgs": "nixpkgs",
        "nongnu-elpa": "nongnu-elpa",
        "org-babel": "org-babel",
        "twist": "twist",
        "twist-overrides": "twist-overrides"
      }
    },
    "systems": {
      "locked": {
        "lastModified": 1681028828,
        "narHash": "sha256-Vy1rq5AaRuLzOxct8nz4T6wlgyUR7zLU309k9mBC768=",
        "owner": "nix-systems",
        "repo": "default",
        "rev": "da67096a3b9bf56a91d16901293e51ba5b49a27e",
        "type": "github"
      },
      "original": {
        "owner": "nix-systems",
        "repo": "default",
        "type": "github"
      }
    },
    "twist": {
      "inputs": {
        "elisp-helpers": "elisp-helpers"
      },
      "locked": {
        "lastModified": 1782912420,
        "narHash": "sha256-W44HaOkEwLlgRLaDum3a6ac0kxNmn+iC2TYuZHNeTmA=",
        "owner": "fenril058",
        "repo": "twist.nix",
        "rev": "6346421c6c97b37ffb3047ebf2faf005cdc33bd1",
        "type": "github"
      },
      "original": {
        "owner": "fenril058",
        "ref": "local",
        "repo": "twist.nix",
        "type": "github"
      }
    },
    "twist-overrides": {
      "locked": {
        "lastModified": 1781399326,
        "narHash": "sha256-r6U5ILELw54l7WYokSA5URADzLr+7dsAVQxAN3JxEik=",
        "owner": "fenril058",
        "repo": "overrides",
        "rev": "fa5a7a0b38e6d0de0bac2870edbb1e21d22e1294",
        "type": "github"
      },
      "original": {
        "owner": "fenril058",
        "ref": "local",
        "repo": "overrides",
        "type": "github"
      }
    }
  },
  "root": "root",
  "version": 7
}
