{
  "nodes": {
    "elisp-helpers": {
      "inputs": {
        "fromElisp": "fromElisp"
      },
      "locked": {
        "lastModified": 1763784882,
        "narHash": "sha256-ZaGDaT7hKNFh/RwT0YZqWL9AzFjRgpUPGGYbVVHJ4PM=",
        "owner": "emacs-twist",
        "repo": "elisp-helpers",
        "rev": "6126c7bb179b13442c86e6f5ee9ff7b0c4837e53",
        "type": "github"
      },
      "original": {
        "owner": "emacs-twist",
        "repo": "elisp-helpers",
        "type": "github"
      }
    },
    "epkgs": {
      "flake": false,
      "locked": {
        "lastModified": 1782685928,
        "narHash": "sha256-G02faQH2azmkzYUPiSGb0sePZDyB90ZBoz78+e6jj0E=",
        "owner": "emacsmirror",
        "repo": "epkgs",
        "rev": "e09e7bb8a62d1a886a8dad4543db0a8a6f222f82",
        "type": "github"
      },
      "original": {
        "owner": "emacsmirror",
        "repo": "epkgs",
        "type": "github"
      }
    },
    "flake-utils": {
      "inputs": {
        "systems": "systems"
      },
      "locked": {
        "lastModified": 1731533236,
        "narHash": "sha256-l0KFg5HjrsfsO/JpG+r7fRrqm12kzFHyUHqHCVpMMbI=",
        "owner": "numtide",
        "repo": "flake-utils",
        "rev": "11707dc2f618dd54ca8739b309ec4fc024de578b",
        "type": "github"
      },
      "original": {
        "owner": "numtide",
        "repo": "flake-utils",
        "type": "github"
      }
    },
    "fromElisp": {
      "flake": false,
      "locked": {
        "lastModified": 1723987997,
        "narHash": "sha256-OhaVgTG6zjLByzl+uPTvtCld3p2uqgbCXmOl/s3LVRo=",
        "owner": "talyz",
        "repo": "fromElisp",
        "rev": "f071a0e262c02c0895b575c4e322b7fd90713543",
        "type": "github"
      },
      "original": {
        "owner": "talyz",
        "repo": "fromElisp",
        "type": "github"
      }
    },
    "gnu-elpa": {
      "flake": false,
      "locked": {
        "lastModified": 1782568193,
        "narHash": "sha256-xmX4v8LmAU6v0cbNx/oA8bci17JCtEreUCMWuJAFxK8=",
        "owner": "elpa-mirrors",
        "repo": "elpa",
        "rev": "fcf738c3547216d700e1f67a2e1830ed2acba981",
        "type": "github"
      },
      "original": {
        "owner": "elpa-mirrors",
        "repo": "elpa",
        "type": "github"
      }
    },
    "melpa": {
      "flake": false,
      "locked": {
        "lastModified": 1782753810,
        "narHash": "sha256-9vfAd18BQtlh29lLIJN5s6uwgbu6Z2WVrA/zFY5xmPo=",
        "owner": "melpa",
        "repo": "melpa",
        "rev": "9c190316955f83bc71accca53a51dfc7d2e74d88",
        "type": "github"
      },
      "original": {
        "owner": "melpa",
        "repo": "melpa",
        "type": "github"
      }
    },
    "nix-filter": {
      "locked": {
        "lastModified": 1757882181,
        "narHash": "sha256-+cCxYIh2UNalTz364p+QYmWHs0P+6wDhiWR4jDIKQIU=",
        "owner": "numtide",
        "repo": "nix-filter",
        "rev": "59c44d1909c72441144b93cf0f054be7fe764de5",
        "type": "github"
      },
      "original": {
        "owner": "numtide",
        "repo": "nix-filter",
        "type": "github"
      }
    },
    "nixpkgs": {
      "locked": {
        "lastModified": 1781607440,
        "narHash": "sha256-rxO+uc/KFbSJp+pgyXRuAX6QlG9hJdnt0BXpEQRXY+U=",
        "owner": "NixOS",
        "repo": "nixpkgs",
        "rev": "3e41b24abd260e8f71dbe2f5737d24122f972158",
        "type": "github"
      },
      "original": {
        "id": "nixpkgs",
        "type": "indirect"
      }
    },
    "nongnu-elpa": {
      "flake": false,
      "locked": {
        "lastModified": 1782554643,
        "narHash": "sha256-4cTfnlfiz8O0ii0GWdHVqw1bJUreeCZY/eVhhq3PQGY=",
        "owner": "elpa-mirrors",
        "repo": "nongnu",
        "rev": "2e12d173f9e329f1a37c07a4a84fdbaaff12d245",
        "type": "github"
      },
      "original": {
        "owner": "elpa-mirrors",
        "repo": "nongnu",
        "type": "github"
      }
    },
    "org-babel": {
      "locked": {
        "lastModified": 1781366822,
        "narHash": "sha256-Dd4eO2Vyp4x83yVKceuuIdM90WOKurNkVecldyTEMGw=",
        "owner": "fenril058",
        "repo": "org-babel",
        "rev": "823c8054f07f0ba3ad6948d9e14b5dea8746845d",
        "type": "github"
      },
      "original": {
        "owner": "fenril058",
        "ref": "local",
        "repo": "org-babel",
        "type": "github"
      }
    },
    "root": {
      "inputs": {
        "epkgs": "epkgs",
        "flake-utils": "flake-utils",
        "gnu-elpa": "gnu-elpa",
        "melpa": "melpa",
        "nix-filter": "nix-filter",
        "nixpkgs": "nixpkgs",
        "nongnu-elpa": "nongnu-elpa",
        "org-babel": "org-babel",
        "twist": "twist",
        "twist-overrides": "twist-overrides"
      }
    },
    "systems": {
      "locked": {
        "lastModified": 1681028828,
        "narHash": "sha256-Vy1rq5AaRuLzOxct8nz4T6wlgyUR7zLU309k9mBC768=",
        "owner": "nix-systems",
        "repo": "default",
        "rev": "da67096a3b9bf56a91d16901293e51ba5b49a27e",
        "type": "github"
      },
      "original": {
        "owner": "nix-systems",
        "repo": "default",
        "type": "github"
      }
    },
    "twist": {
      "inputs": {
        "elisp-helpers": "elisp-helpers"
      },
      "locked": {
        "lastModified": 1782912420,
        "narHash": "sha256-W44HaOkEwLlgRLaDum3a6ac0kxNmn+iC2TYuZHNeTmA=",
        "owner": "fenril058",
        "repo": "twist.nix",
        "rev": "6346421c6c97b37ffb3047ebf2faf005cdc33bd1",
        "type": "github"
      },
      "original": {
        "owner": "fenril058",
        "ref": "local",
        "repo": "twist.nix",
        "type": "github"
      }
    },
    "twist-overrides": {
      "locked": {
        "lastModified": 1781399326,
        "narHash": "sha256-r6U5ILELw54l7WYokSA5URADzLr+7dsAVQxAN3JxEik=",
        "owner": "fenril058",
        "repo": "overrides",
        "rev": "fa5a7a0b38e6d0de0bac2870edbb1e21d22e1294",
        "type": "github"
      },
      "original": {
        "owner": "fenril058",
        "ref": "local",
        "repo": "overrides",
        "type": "github"
      }
    }
  },
  "root": "root",
  "version": 7
}
