{
  "csv-mode": {
    "archive": {
      "narHash": "sha256-bdFXCPxe/gK4gFJebOryzItraaPXoAjW3GRl28m+Y1U=",
      "type": "tarball",
      "url": "https://elpa.gnu.org/devel/csv-mode-1.27.0.20260505.161621.tar"
    },
    "inventory": {
      "type": "archive",
      "url": "https://elpa.gnu.org/devel/"
    },
    "packageRequires": {
      "cl-lib": "0.5",
      "emacs": "27.1"
    },
    "version": "1.27.0.20260505.161621"
  },
  "eglot": {
    "archive": {
      "narHash": "sha256-UZHWLBPLQQFAQIw+uxoK+4xQu+gAwNf7rYl3oTuym0M=",
      "type": "tarball",
      "url": "https://elpa.gnu.org/devel/eglot-1.23.0.20260516.111356.tar"
    },
    "inventory": {
      "type": "archive",
      "url": "https://elpa.gnu.org/devel/"
    },
    "packageRequires": {
      "eldoc": "1.16.0",
      "emacs": "26.3",
      "external-completion": "0.1",
      "flymake": "1.4.5",
      "jsonrpc": "1.0.28",
      "project": "0.11.2",
      "seq": "2.23",
      "xref": "1.7.0"
    },
    "version": "1.23.0.20260516.111356"
  },
  "eldoc": {
    "archive": {
      "narHash": "sha256-72BLGQ/wkqnbdCCAafb6YoR2m1zi/lYFiXmg+opk8BY=",
      "type": "tarball",
      "url": "https://elpa.gnu.org/devel/eldoc-1.16.0.0.20260514.100530.tar"
    },
    "inventory": {
      "type": "archive",
      "url": "https://elpa.gnu.org/devel/"
    },
    "packageRequires": {
      "emacs": "26.3"
    },
    "version": "1.16.0.0.20260514.100530"
  },
  "flymake": {
    "archive": {
      "narHash": "sha256-ZeJP2ugoRz1oDQAJHQBmResKqXXF2z3JbLVyidFpiDc=",
      "type": "tarball",
      "url": "https://elpa.gnu.org/devel/flymake-1.4.5.0.20260512.154242.tar"
    },
    "inventory": {
      "type": "archive",
      "url": "https://elpa.gnu.org/devel/"
    },
    "packageRequires": {
      "eldoc": "1.14.0",
      "emacs": "26.1",
      "project": "0.11.1"
    },
    "version": "1.4.5.0.20260512.154242"
  },
  "jsonrpc": {
    "archive": {
      "narHash": "sha256-z00xcMruj7bXCD15JOYaEWMH5l6FlmXwqayeweY6q9I=",
      "type": "tarball",
      "url": "https://elpa.gnu.org/devel/jsonrpc-1.0.28.0.20260504.104721.tar"
    },
    "inventory": {
      "type": "archive",
      "url": "https://elpa.gnu.org/devel/"
    },
    "packageRequires": {
      "emacs": "25.2"
    },
    "version": "1.0.28.0.20260504.104721"
  },
  "rainbow-mode": {
    "archive": {
      "narHash": "sha256-XMJ1pjGBISLllFwOcH9nA8xu9qYo1xsiqQ5XH/4XHCU=",
      "type": "tarball",
      "url": "https://elpa.gnu.org/devel/rainbow-mode-1.0.6.0.20231215.171141.tar"
    },
    "inventory": {
      "type": "archive",
      "url": "https://elpa.gnu.org/devel/"
    },
    "packageRequires": {},
    "version": "1.0.6.0.20231215.171141"
  }
}
